
Microsoft Visual Studio Solution File, Format Version 12.00
# Visual Studio Version 17
VisualStudioVersion = 17.14.36429.23 d17.14
MinimumVisualStudioVersion = 10.0.40219.1
Project("{8BC9CEB8-8B4A-11D0-8D11-00A0C91BC942}") = "task3", "task3\task3.vcxproj", "{E030E899-60BE-4D8D-83D4-F56D6A4FDAEE}"
EndProject
Global
	GlobalSection(SolutionConfigurationPlatforms) = preSolution
		Debug|x64 = Debug|x64
		Debug|x86 = Debug|x86
		Release|x64 = Release|x64
		Release|x86 = Release|x86
	EndGlobalSection
	GlobalSection(ProjectConfigurationPlatforms) = postSolution
		{E030E899-60BE-4D8D-83D4-F56D6A4FDAEE}.Debug|x64.ActiveCfg = Debug|x64
		{E030E899-60BE-4D8D-83D4-F56D6A4FDAEE}.Debug|x64.Build.0 = Debug|x64
		{E030E899-60BE-4D8D-83D4-F56D6A4FDAEE}.Debug|x86.ActiveCfg = Debug|Win32
		{E030E899-60BE-4D8D-83D4-F56D6A4FDAEE}.Debug|x86.Build.0 = Debug|Win32
		{E030E899-60BE-4D8D-83D4-F56D6A4FDAEE}.Release|x64.ActiveCfg = Release|x64
		{E030E899-60BE-4D8D-83D4-F56D6A4FDAEE}.Release|x64.Build.0 = Release|x64
		{E030E899-60BE-4D8D-83D4-F56D6A4FDAEE}.Release|x86.ActiveCfg = Release|Win32
		{E030E899-60BE-4D8D-83D4-F56D6A4FDAEE}.Release|x86.Build.0 = Release|Win32
	EndGlobalSection
	GlobalSection(SolutionProperties) = preSolution
		HideSolutionNode = FALSE
	EndGlobalSection
	GlobalSection(ExtensibilityGlobals) = postSolution
		SolutionGuid = {3BEA1103-A492-4DAC-81B6-23E86FC6AD32}
	EndGlobalSection
EndGlobal
